
Microsoft Visual Studio Solution File, Format Version 12.00
# Visual Studio Version 16
VisualStudioVersion = 16.0.29911.84
MinimumVisualStudioVersion = 10.0.40219.1
Project("{9A19103F-16F7-4668-BE54-9A1E7A4F7556}") = "B58Check", "B58Check\B58Check\B58Check.csproj", "{77D681F8-9264-485A-B296-9161AE19811B}"
EndProject
Project("{9A19103F-16F7-4668-BE54-9A1E7A4F7556}") = "BTCLib", "BTCLib\BTCLib.csproj", "{585D9616-BDD7-48A8-B35D-418AD6D81BA1}"
EndProject
Project("{9A19103F-16F7-4668-BE54-9A1E7A4F7556}") = "MarxMLL2", "MarxMLL2\MarxMLL2.csproj", "{3FC67CBD-26D3-45DE-86B9-047CD335AC2A}"
EndProject
Project("{9A19103F-16F7-4668-BE54-9A1E7A4F7556}") = "BTCECDSACracker", "BTCECDSACracker\BTCECDSACracker.csproj", "{FA04DAC0-2CF8-4DDB-8F8C-5C44954DB795}"
EndProject
Project("{FAE04EC0-301F-11D3-BF4B-00C04F79EFBC}") = "BTCCracker", "BTCCracker\BTCCracker.csproj", "{1676FC2C-2504-445D-A71A-96A8B1650FBE}"
EndProject
Global
	GlobalSection(SolutionConfigurationPlatforms) = preSolution
		Debug|Any CPU = Debug|Any CPU
		Release|Any CPU = Release|Any CPU
	EndGlobalSection
	GlobalSection(ProjectConfigurationPlatforms) = postSolution
		{77D681F8-9264-485A-B296-9161AE19811B}.Debug|Any CPU.ActiveCfg = Debug|Any CPU
		{77D681F8-9264-485A-B296-9161AE19811B}.Debug|Any CPU.Build.0 = Debug|Any CPU
		{77D681F8-9264-485A-B296-9161AE19811B}.Release|Any CPU.ActiveCfg = Release|Any CPU
		{77D681F8-9264-485A-B296-9161AE19811B}.Release|Any CPU.Build.0 = Release|Any CPU
		{585D9616-BDD7-48A8-B35D-418AD6D81BA1}.Debug|Any CPU.ActiveCfg = Debug|Any CPU
		{585D9616-BDD7-48A8-B35D-418AD6D81BA1}.Debug|Any CPU.Build.0 = Debug|Any CPU
		{585D9616-BDD7-48A8-B35D-418AD6D81BA1}.Release|Any CPU.ActiveCfg = Release|Any CPU
		{585D9616-BDD7-48A8-B35D-418AD6D81BA1}.Release|Any CPU.Build.0 = Release|Any CPU
		{3FC67CBD-26D3-45DE-86B9-047CD335AC2A}.Debug|Any CPU.ActiveCfg = Debug|Any CPU
		{3FC67CBD-26D3-45DE-86B9-047CD335AC2A}.Debug|Any CPU.Build.0 = Debug|Any CPU
		{3FC67CBD-26D3-45DE-86B9-047CD335AC2A}.Release|Any CPU.ActiveCfg = Release|Any CPU
		{3FC67CBD-26D3-45DE-86B9-047CD335AC2A}.Release|Any CPU.Build.0 = Release|Any CPU
		{FA04DAC0-2CF8-4DDB-8F8C-5C44954DB795}.Debug|Any CPU.ActiveCfg = Debug|Any CPU
		{FA04DAC0-2CF8-4DDB-8F8C-5C44954DB795}.Debug|Any CPU.Build.0 = Debug|Any CPU
		{FA04DAC0-2CF8-4DDB-8F8C-5C44954DB795}.Release|Any CPU.ActiveCfg = Release|Any CPU
		{FA04DAC0-2CF8-4DDB-8F8C-5C44954DB795}.Release|Any CPU.Build.0 = Release|Any CPU
		{1676FC2C-2504-445D-A71A-96A8B1650FBE}.Debug|Any CPU.ActiveCfg = Debug|Any CPU
		{1676FC2C-2504-445D-A71A-96A8B1650FBE}.Debug|Any CPU.Build.0 = Debug|Any CPU
		{1676FC2C-2504-445D-A71A-96A8B1650FBE}.Release|Any CPU.ActiveCfg = Release|Any CPU
		{1676FC2C-2504-445D-A71A-96A8B1650FBE}.Release|Any CPU.Build.0 = Release|Any CPU
	EndGlobalSection
	GlobalSection(SolutionProperties) = preSolution
		HideSolutionNode = FALSE
	EndGlobalSection
	GlobalSection(ExtensibilityGlobals) = postSolution
		SolutionGuid = {C5652008-64CC-4391-8000-51AC5281A1BA}
	EndGlobalSection
EndGlobal
