
Microsoft Visual Studio Solution File, Format Version 12.00
# Visual Studio Version 16
VisualStudioVersion = 16.0.29911.84
MinimumVisualStudioVersion = 10.0.40219.1
Project("{9A19103F-16F7-4668-BE54-9A1E7A4F7556}") = "B58Check", "B58Check\B58Check\B58Check.csproj", "{77D681F8-9264-485A-B296-9161AE19811B}"
EndProject
Project("{9A19103F-16F7-4668-BE54-9A1E7A4F7556}") = "BTCECDSAAnalyser", "BTCECDSAAnalyser\BTCECDSAAnalyser.csproj", "{CFD4745D-68EF-4C9B-BAEE-81ED6BDBA15C}"
EndProject
Project("{9A19103F-16F7-4668-BE54-9A1E7A4F7556}") = "BTCECDSAATest", "BTCECDSAATest\BTCECDSAATest.csproj", "{F392C55D-BD72-46E0-9F25-EC39B86FF971}"
EndProject
Project("{9A19103F-16F7-4668-BE54-9A1E7A4F7556}") = "BTCLib", "BTCLib\BTCLib.csproj", "{585D9616-BDD7-48A8-B35D-418AD6D81BA1}"
EndProject
Project("{9A19103F-16F7-4668-BE54-9A1E7A4F7556}") = "MarxML", "MarxML\MarxML.csproj", "{74C5D523-DDA3-4FFB-B5B2-7AFE42A3BC99}"
EndProject
Global
	GlobalSection(SolutionConfigurationPlatforms) = preSolution
		Debug|Any CPU = Debug|Any CPU
		Release|Any CPU = Release|Any CPU
	EndGlobalSection
	GlobalSection(ProjectConfigurationPlatforms) = postSolution
		{77D681F8-9264-485A-B296-9161AE19811B}.Debug|Any CPU.ActiveCfg = Debug|Any CPU
		{77D681F8-9264-485A-B296-9161AE19811B}.Debug|Any CPU.Build.0 = Debug|Any CPU
		{77D681F8-9264-485A-B296-9161AE19811B}.Release|Any CPU.ActiveCfg = Release|Any CPU
		{77D681F8-9264-485A-B296-9161AE19811B}.Release|Any CPU.Build.0 = Release|Any CPU
		{CFD4745D-68EF-4C9B-BAEE-81ED6BDBA15C}.Debug|Any CPU.ActiveCfg = Debug|Any CPU
		{CFD4745D-68EF-4C9B-BAEE-81ED6BDBA15C}.Debug|Any CPU.Build.0 = Debug|Any CPU
		{CFD4745D-68EF-4C9B-BAEE-81ED6BDBA15C}.Release|Any CPU.ActiveCfg = Release|Any CPU
		{CFD4745D-68EF-4C9B-BAEE-81ED6BDBA15C}.Release|Any CPU.Build.0 = Release|Any CPU
		{F392C55D-BD72-46E0-9F25-EC39B86FF971}.Debug|Any CPU.ActiveCfg = Debug|Any CPU
		{F392C55D-BD72-46E0-9F25-EC39B86FF971}.Debug|Any CPU.Build.0 = Debug|Any CPU
		{F392C55D-BD72-46E0-9F25-EC39B86FF971}.Release|Any CPU.ActiveCfg = Release|Any CPU
		{F392C55D-BD72-46E0-9F25-EC39B86FF971}.Release|Any CPU.Build.0 = Release|Any CPU
		{585D9616-BDD7-48A8-B35D-418AD6D81BA1}.Debug|Any CPU.ActiveCfg = Debug|Any CPU
		{585D9616-BDD7-48A8-B35D-418AD6D81BA1}.Debug|Any CPU.Build.0 = Debug|Any CPU
		{585D9616-BDD7-48A8-B35D-418AD6D81BA1}.Release|Any CPU.ActiveCfg = Release|Any CPU
		{585D9616-BDD7-48A8-B35D-418AD6D81BA1}.Release|Any CPU.Build.0 = Release|Any CPU
		{74C5D523-DDA3-4FFB-B5B2-7AFE42A3BC99}.Debug|Any CPU.ActiveCfg = Debug|Any CPU
		{74C5D523-DDA3-4FFB-B5B2-7AFE42A3BC99}.Debug|Any CPU.Build.0 = Debug|Any CPU
		{74C5D523-DDA3-4FFB-B5B2-7AFE42A3BC99}.Release|Any CPU.ActiveCfg = Release|Any CPU
		{74C5D523-DDA3-4FFB-B5B2-7AFE42A3BC99}.Release|Any CPU.Build.0 = Release|Any CPU
	EndGlobalSection
	GlobalSection(SolutionProperties) = preSolution
		HideSolutionNode = FALSE
	EndGlobalSection
	GlobalSection(ExtensibilityGlobals) = postSolution
		SolutionGuid = {C5652008-64CC-4391-8000-51AC5281A1BA}
	EndGlobalSection
EndGlobal
